
Microsoft Visual Studio Solution File, Format Version 12.00
# Visual Studio 15
Project("{FAE04EC0-301F-11D3-BF4B-00C04F79EFBC}") = "Unity.Timeline", "Unity.Timeline.csproj", "{0266E6AE-C034-E1AC-4335-F65ABEFB03D0}"
EndProject
Project("{FAE04EC0-301F-11D3-BF4B-00C04F79EFBC}") = "Unity.RenderPipelines.GPUDriven.Runtime", "Unity.RenderPipelines.GPUDriven.Runtime.csproj", "{F3ED3452-BDD6-07B4-5261-E9FD50F47707}"
EndProject
Project("{FAE04EC0-301F-11D3-BF4B-00C04F79EFBC}") = "Unity.PlasticSCM.Editor", "Unity.PlasticSCM.Editor.csproj", "{9FF48AAD-0BFC-A4C9-D0E0-E699210AFFD1}"
EndProject
Project("{FAE04EC0-301F-11D3-BF4B-00C04F79EFBC}") = "Unity.2D.Aseprite.Editor", "Unity.2D.Aseprite.Editor.csproj", "{F25EFF7E-4493-BA4D-B3CF-EE2FFECBC189}"
EndProject
Project("{FAE04EC0-301F-11D3-BF4B-00C04F79EFBC}") = "Unity.ShaderGraph.Editor", "Unity.ShaderGraph.Editor.csproj", "{9AAF3879-2E29-BCC5-99C8-8F61B934D7F9}"
EndProject
Project("{FAE04EC0-301F-11D3-BF4B-00C04F79EFBC}") = "Unity.RenderPipelines.Core.Runtime", "Unity.RenderPipelines.Core.Runtime.csproj", "{7CDA2846-C0D7-AC8B-F1FC-C8E3598BA7B6}"
EndProject
Project("{FAE04EC0-301F-11D3-BF4B-00C04F79EFBC}") = "Unity.Mathematics", "Unity.Mathematics.csproj", "{4124C574-D9AF-5D21-CE5E-1AC1AFFA1D77}"
EndProject
Project("{FAE04EC0-301F-11D3-BF4B-00C04F79EFBC}") = "Unity.Timeline.Editor", "Unity.Timeline.Editor.csproj", "{BE3F938E-E033-3754-94D6-E8324A2D4717}"
EndProject
Project("{FAE04EC0-301F-11D3-BF4B-00C04F79EFBC}") = "Unity.Multiplayer.Center.Editor", "Unity.Multiplayer.Center.Editor.csproj", "{657782BF-5996-FC48-EB5A-549698B613BF}"
EndProject
Project("{FAE04EC0-301F-11D3-BF4B-00C04F79EFBC}") = "Unity.RenderPipelines.Core.Editor", "Unity.RenderPipelines.Core.Editor.csproj", "{F8A2F5D8-C487-5E56-D19F-E05C87707A97}"
EndProject
Project("{FAE04EC0-301F-11D3-BF4B-00C04F79EFBC}") = "Unity.Collections", "Unity.Collections.csproj", "{A2092A0E-3F69-1BE1-F9E7-4006BBFCA640}"
EndProject
Project("{FAE04EC0-301F-11D3-BF4B-00C04F79EFBC}") = "UnityEngine.UI", "UnityEngine.UI.csproj", "{92F62FDF-B33F-DB85-B9C4-32EC261643DA}"
EndProject
Project("{FAE04EC0-301F-11D3-BF4B-00C04F79EFBC}") = "Unity.2D.IK.Runtime", "Unity.2D.IK.Runtime.csproj", "{856B61B2-21F0-359E-A8C4-815CD14D5A25}"
EndProject
Project("{FAE04EC0-301F-11D3-BF4B-00C04F79EFBC}") = "Unity.RenderPipelines.Universal.2D.Runtime", "Unity.RenderPipelines.Universal.2D.Runtime.csproj", "{FE1F5491-683A-6290-891E-595550D41915}"
EndProject
Project("{FAE04EC0-301F-11D3-BF4B-00C04F79EFBC}") = "Unity.2D.Psdimporter.Editor", "Unity.2D.Psdimporter.Editor.csproj", "{806C85C4-5EE4-69BB-1FBE-56551A61A8A9}"
EndProject
Project("{FAE04EC0-301F-11D3-BF4B-00C04F79EFBC}") = "Unity.VisualScripting.Core.Editor", "Unity.VisualScripting.Core.Editor.csproj", "{8DAFE5DE-8FE5-C082-E130-03196CABD5FA}"
EndProject
Project("{FAE04EC0-301F-11D3-BF4B-00C04F79EFBC}") = "Unity.RenderPipelines.Universal.Editor", "Unity.RenderPipelines.Universal.Editor.csproj", "{36CBD2C9-C8DA-AAFF-A75C-823781E4A83E}"
EndProject
Project("{FAE04EC0-301F-11D3-BF4B-00C04F79EFBC}") = "Unity.PerformanceTesting.Editor", "Unity.PerformanceTesting.Editor.csproj", "{E375A6E1-48D7-CC75-905F-C37D5D4578DB}"
EndProject
Project("{FAE04EC0-301F-11D3-BF4B-00C04F79EFBC}") = "UnityEngine.TestRunner", "UnityEngine.TestRunner.csproj", "{239AE5EA-9505-2750-1E3F-9F1C8FE9B603}"
EndProject
Project("{FAE04EC0-301F-11D3-BF4B-00C04F79EFBC}") = "Unity.2D.Tilemap.Editor", "Unity.2D.Tilemap.Editor.csproj", "{1F47C621-53DA-C477-9F59-91313648BA0F}"
EndProject
Project("{FAE04EC0-301F-11D3-BF4B-00C04F79EFBC}") = "Unity.Burst", "Unity.Burst.csproj", "{2C8A32AA-F7F5-09F6-4744-B182F9BF572C}"
EndProject
Project("{FAE04EC0-301F-11D3-BF4B-00C04F79EFBC}") = "Unity.VisualScripting.Flow.Editor", "Unity.VisualScripting.Flow.Editor.csproj", "{7EFE83B0-197F-34E3-D847-6B5BA2874AAA}"
EndProject
Project("{FAE04EC0-301F-11D3-BF4B-00C04F79EFBC}") = "Unity.Netcode.Runtime", "Unity.Netcode.Runtime.csproj", "{924FFBD2-06C6-B248-69D4-E61F7AFC9069}"
EndProject
Project("{FAE04EC0-301F-11D3-BF4B-00C04F79EFBC}") = "Unity.2D.SpriteShape.Editor", "Unity.2D.SpriteShape.Editor.csproj", "{B792612F-D225-48C8-5C86-1E38772C995B}"
EndProject
Project("{FAE04EC0-301F-11D3-BF4B-00C04F79EFBC}") = "Unity.VisualStudio.Editor", "Unity.VisualStudio.Editor.csproj", "{69F47431-340E-FEAA-E924-31EB00D641CA}"
EndProject
Project("{FAE04EC0-301F-11D3-BF4B-00C04F79EFBC}") = "Unity.InputSystem", "Unity.InputSystem.csproj", "{882C1F87-1C17-D303-D737-A5CC30BEE9BC}"
EndProject
Project("{FAE04EC0-301F-11D3-BF4B-00C04F79EFBC}") = "PPv2URPConverters", "PPv2URPConverters.csproj", "{58AF3F25-C3A7-5F71-6CA9-E756B3EC00E5}"
EndProject
Project("{FAE04EC0-301F-11D3-BF4B-00C04F79EFBC}") = "Unity.2D.Animation.Editor", "Unity.2D.Animation.Editor.csproj", "{920AA928-6640-ED31-DAAF-A54C2B87DAFD}"
EndProject
Project("{FAE04EC0-301F-11D3-BF4B-00C04F79EFBC}") = "Unity.Searcher.Editor", "Unity.Searcher.Editor.csproj", "{E73B491F-3111-9F43-62DE-8113F9CFF818}"
EndProject
Project("{FAE04EC0-301F-11D3-BF4B-00C04F79EFBC}") = "Unity.2D.SpriteShape.Runtime", "Unity.2D.SpriteShape.Runtime.csproj", "{669E8A33-21BA-CED2-1B0B-5D2CCE8B52C8}"
EndProject
Project("{FAE04EC0-301F-11D3-BF4B-00C04F79EFBC}") = "UnityEditor.TestRunner", "UnityEditor.TestRunner.csproj", "{D8E3DF3E-36DE-483D-B8E2-01D2E4BA78D1}"
EndProject
Project("{FAE04EC0-301F-11D3-BF4B-00C04F79EFBC}") = "Unity.VisualScripting.Core", "Unity.VisualScripting.Core.csproj", "{0E9DEAA5-B36E-FCAD-3A1C-8C10A1956E4E}"
EndProject
Project("{FAE04EC0-301F-11D3-BF4B-00C04F79EFBC}") = "Unity.RenderPipelines.Universal.Runtime", "Unity.RenderPipelines.Universal.Runtime.csproj", "{685915F8-6278-C56C-8CC3-E65AC00B988A}"
EndProject
Project("{FAE04EC0-301F-11D3-BF4B-00C04F79EFBC}") = "Unity.CollabProxy.Editor", "Unity.CollabProxy.Editor.csproj", "{17EFE70D-0E19-D620-85C4-A62A8746578D}"
EndProject
Project("{FAE04EC0-301F-11D3-BF4B-00C04F79EFBC}") = "Unity.VisualScripting.State.Editor", "Unity.VisualScripting.State.Editor.csproj", "{89E3CA5A-830E-3794-C542-26B79E04EC98}"
EndProject
Project("{FAE04EC0-301F-11D3-BF4B-00C04F79EFBC}") = "Unity.Burst.CodeGen", "Unity.Burst.CodeGen.csproj", "{C211AD96-135A-71C6-B58A-4C705053A264}"
EndProject
Project("{FAE04EC0-301F-11D3-BF4B-00C04F79EFBC}") = "Unity.VisualScripting.Flow", "Unity.VisualScripting.Flow.csproj", "{5B4A0223-F773-5564-C960-00CE52AAF883}"
EndProject
Project("{FAE04EC0-301F-11D3-BF4B-00C04F79EFBC}") = "Unity.PerformanceTesting", "Unity.PerformanceTesting.csproj", "{0DA4889E-96D9-0AE0-A33D-D02955B68F7B}"
EndProject
Project("{FAE04EC0-301F-11D3-BF4B-00C04F79EFBC}") = "Unity.2D.Tilemap.Extras.Editor", "Unity.2D.Tilemap.Extras.Editor.csproj", "{333C845E-5DD2-95F0-D4E2-D6151088F37B}"
EndProject
Project("{FAE04EC0-301F-11D3-BF4B-00C04F79EFBC}") = "Unity.TextMeshPro", "Unity.TextMeshPro.csproj", "{7B389881-C228-C415-0F93-0F6AA5E85730}"
EndProject
Project("{FAE04EC0-301F-11D3-BF4B-00C04F79EFBC}") = "Unity.TextMeshPro.Editor", "Unity.TextMeshPro.Editor.csproj", "{1C1CB440-54B4-C9D1-B343-F03D7844058E}"
EndProject
Project("{FAE04EC0-301F-11D3-BF4B-00C04F79EFBC}") = "Unity.Rendering.LightTransport.Runtime", "Unity.Rendering.LightTransport.Runtime.csproj", "{32A3C763-80E6-60E4-AA48-917E522E9246}"
EndProject
Project("{FAE04EC0-301F-11D3-BF4B-00C04F79EFBC}") = "PsdPlugin", "PsdPlugin.csproj", "{F05A0A80-A058-501B-8700-D52E142A5BF5}"
EndProject
Project("{FAE04EC0-301F-11D3-BF4B-00C04F79EFBC}") = "Unity.2D.IK.Editor", "Unity.2D.IK.Editor.csproj", "{3A1FAEF5-3E00-B3E8-73FD-D8CF4BA9589F}"
EndProject
Project("{FAE04EC0-301F-11D3-BF4B-00C04F79EFBC}") = "Unity.InternalAPIEngineBridge.001", "Unity.InternalAPIEngineBridge.001.csproj", "{DE27C751-B9DA-C957-7BC7-3AAB15398A0F}"
EndProject
Project("{FAE04EC0-301F-11D3-BF4B-00C04F79EFBC}") = "Unity.2D.Aseprite.Common", "Unity.2D.Aseprite.Common.csproj", "{52087CEE-0D58-6C76-8434-D4BA3E4AA555}"
EndProject
Project("{FAE04EC0-301F-11D3-BF4B-00C04F79EFBC}") = "Unity.Burst.Editor", "Unity.Burst.Editor.csproj", "{899E8BC9-F467-7072-198F-285D1A3F93A3}"
EndProject
Project("{FAE04EC0-301F-11D3-BF4B-00C04F79EFBC}") = "Unity.2D.Common.Path.Editor", "Unity.2D.Common.Path.Editor.csproj", "{EE14E2F2-CD4C-5A60-5D89-927B5DE9B57F}"
EndProject
Project("{FAE04EC0-301F-11D3-BF4B-00C04F79EFBC}") = "Unity.2D.Common.Editor", "Unity.2D.Common.Editor.csproj", "{DA7E0065-8BF2-1C40-0883-9A7B7F0E1BD2}"
EndProject
Project("{FAE04EC0-301F-11D3-BF4B-00C04F79EFBC}") = "Unity.Networking.Transport", "Unity.Networking.Transport.csproj", "{E44399C2-1D9A-B61B-6A22-9C8E948E3240}"
EndProject
Project("{FAE04EC0-301F-11D3-BF4B-00C04F79EFBC}") = "Unity.Rider.Editor", "Unity.Rider.Editor.csproj", "{246A244B-ED56-7030-6004-3A5898CB3029}"
EndProject
Project("{FAE04EC0-301F-11D3-BF4B-00C04F79EFBC}") = "Unity.VisualScripting.State", "Unity.VisualScripting.State.csproj", "{DB0A5C9C-8670-3128-CAC7-861DED394C30}"
EndProject
Project("{FAE04EC0-301F-11D3-BF4B-00C04F79EFBC}") = "Unity.InternalAPIEditorBridge.001", "Unity.InternalAPIEditorBridge.001.csproj", "{BC95B3B5-1CC2-C56D-821E-058CE1F8FE41}"
EndProject
Project("{FAE04EC0-301F-11D3-BF4B-00C04F79EFBC}") = "UnityEditor.UI", "UnityEditor.UI.csproj", "{00708565-39C8-1EF6-C20E-A6172537E209}"
EndProject
Project("{FAE04EC0-301F-11D3-BF4B-00C04F79EFBC}") = "Unity.Networking.Editor", "Unity.Networking.Editor.csproj", "{7C74F1A8-1BEB-653B-4419-03AD0A601D38}"
EndProject
Project("{FAE04EC0-301F-11D3-BF4B-00C04F79EFBC}") = "Unity.2D.PixelPerfect.Editor", "Unity.2D.PixelPerfect.Editor.csproj", "{10521995-B056-C9D6-9CB0-12A9354BE28C}"
EndProject
Project("{FAE04EC0-301F-11D3-BF4B-00C04F79EFBC}") = "Unity.2D.Sprite.Editor", "Unity.2D.Sprite.Editor.csproj", "{57E19D28-3ACD-B008-2FFA-91C878767FE3}"
EndProject
Project("{FAE04EC0-301F-11D3-BF4B-00C04F79EFBC}") = "Unity.Netcode.Editor.CodeGen", "Unity.Netcode.Editor.CodeGen.csproj", "{1B9660B1-E48E-9985-5C9B-6B75CF4E521F}"
EndProject
Project("{FAE04EC0-301F-11D3-BF4B-00C04F79EFBC}") = "ParrelSync", "ParrelSync.csproj", "{F4A676D0-CE31-ADF9-7975-D64B32BE3AE0}"
EndProject
Project("{FAE04EC0-301F-11D3-BF4B-00C04F79EFBC}") = "Unity.Multiplayer.Center.Common", "Unity.Multiplayer.Center.Common.csproj", "{30222B00-DA6F-D46F-16D8-962B9B3040D9}"
EndProject
Project("{FAE04EC0-301F-11D3-BF4B-00C04F79EFBC}") = "Unity.Netcode.Editor", "Unity.Netcode.Editor.csproj", "{118BED50-704D-3CBA-8C8B-ABB23BA955E9}"
EndProject
Project("{FAE04EC0-301F-11D3-BF4B-00C04F79EFBC}") = "Unity.InputSystem.ForUI", "Unity.InputSystem.ForUI.csproj", "{6187FA07-08D7-F718-7D8C-75FA8F0449EA}"
EndProject
Project("{FAE04EC0-301F-11D3-BF4B-00C04F79EFBC}") = "Unity.Collections.CodeGen", "Unity.Collections.CodeGen.csproj", "{6CE6D33C-E01F-F00F-9B5D-AA40E729526B}"
EndProject
Project("{FAE04EC0-301F-11D3-BF4B-00C04F79EFBC}") = "Unity.2D.Tilemap.Extras", "Unity.2D.Tilemap.Extras.csproj", "{FC6ED797-1287-7F4C-3BDF-DACF4A8B1608}"
EndProject
Project("{FAE04EC0-301F-11D3-BF4B-00C04F79EFBC}") = "Unity.2D.Animation.Runtime", "Unity.2D.Animation.Runtime.csproj", "{F81BD418-3D60-23DA-7010-64E969D60C8E}"
EndProject
Project("{FAE04EC0-301F-11D3-BF4B-00C04F79EFBC}") = "Unity.Mathematics.Editor", "Unity.Mathematics.Editor.csproj", "{C06D2668-29A2-A4C6-8B3D-F50A8A384924}"
EndProject
Project("{FAE04EC0-301F-11D3-BF4B-00C04F79EFBC}") = "Unity.VisualScripting.SettingsProvider.Editor", "Unity.VisualScripting.SettingsProvider.Editor.csproj", "{12E809CC-4B20-F7EB-F6A9-F682EC8F9EA5}"
EndProject
Project("{FAE04EC0-301F-11D3-BF4B-00C04F79EFBC}") = "Assembly-CSharp", "Assembly-CSharp.csproj", "{35882349-6F1A-7820-8BBF-83E88C23BF01}"
EndProject
Project("{FAE04EC0-301F-11D3-BF4B-00C04F79EFBC}") = "Unity.InputSystem.TestFramework", "Unity.InputSystem.TestFramework.csproj", "{741CA642-7161-6F60-86DF-372C75748C8A}"
EndProject
Project("{FAE04EC0-301F-11D3-BF4B-00C04F79EFBC}") = "Unity.ShaderGraph.Utilities", "Unity.ShaderGraph.Utilities.csproj", "{C68CB1F8-2EDF-07C6-0EB3-9964E7E2388C}"
EndProject
Project("{FAE04EC0-301F-11D3-BF4B-00C04F79EFBC}") = "Unity.VisualScripting.Shared.Editor", "Unity.VisualScripting.Shared.Editor.csproj", "{59DC0776-CB54-503A-25C5-8A54F51B4D1C}"
EndProject
Project("{FAE04EC0-301F-11D3-BF4B-00C04F79EFBC}") = "Unity.RenderPipeline.Universal.ShaderLibrary", "Unity.RenderPipeline.Universal.ShaderLibrary.csproj", "{624FD16F-2DE0-36D2-B30D-3EB5E81247CD}"
EndProject
Project("{FAE04EC0-301F-11D3-BF4B-00C04F79EFBC}") = "Unity.2D.Common.Runtime", "Unity.2D.Common.Runtime.csproj", "{AC5AAD81-5FFF-FD33-5D80-47BB0B697854}"
EndProject
Project("{FAE04EC0-301F-11D3-BF4B-00C04F79EFBC}") = "Unity.2D.PixelPerfect", "Unity.2D.PixelPerfect.csproj", "{04DFC354-75BF-5772-A757-F878A74BFBE1}"
EndProject
Project("{FAE04EC0-301F-11D3-BF4B-00C04F79EFBC}") = "Unity.Rendering.LightTransport.Editor", "Unity.Rendering.LightTransport.Editor.csproj", "{57B1F1B4-6FF8-A35E-21A5-09BC889DCCC7}"
EndProject
Project("{FAE04EC0-301F-11D3-BF4B-00C04F79EFBC}") = "Unity.Netcode.Editor.PackageChecker", "Unity.Netcode.Editor.PackageChecker.csproj", "{FCC02496-16F5-978D-25CC-9F1A8B4C3380}"
EndProject
Project("{FAE04EC0-301F-11D3-BF4B-00C04F79EFBC}") = "Unity.RenderPipelines.Universal.Shaders", "Unity.RenderPipelines.Universal.Shaders.csproj", "{64A8BC5F-7544-21D5-1A09-80134F77565F}"
EndProject
Project("{FAE04EC0-301F-11D3-BF4B-00C04F79EFBC}") = "Unity.RenderPipelines.Core.Runtime.Shared", "Unity.RenderPipelines.Core.Runtime.Shared.csproj", "{4C0FEF0E-F6DB-CFD6-6F97-2C0E2FA5A98E}"
EndProject
Project("{FAE04EC0-301F-11D3-BF4B-00C04F79EFBC}") = "ScriptablePacker", "ScriptablePacker.csproj", "{BE247BF0-A062-1B90-86F3-28A8D99F79C7}"
EndProject
Project("{FAE04EC0-301F-11D3-BF4B-00C04F79EFBC}") = "Unity.Collections.Editor", "Unity.Collections.Editor.csproj", "{CFF8BA49-E4C0-0E0F-6029-BA697B1BBEE5}"
EndProject
Project("{FAE04EC0-301F-11D3-BF4B-00C04F79EFBC}") = "Unity.RenderPipelines.Universal.Config.Runtime", "Unity.RenderPipelines.Universal.Config.Runtime.csproj", "{F710941F-9156-5E89-AD81-B65D6997BB15}"
EndProject
Project("{FAE04EC0-301F-11D3-BF4B-00C04F79EFBC}") = "Unity.RenderPipelines.ShaderGraph.ShaderGraphLibrary", "Unity.RenderPipelines.ShaderGraph.ShaderGraphLibrary.csproj", "{C7906806-374F-AC9F-E713-8DEBDA28BD65}"
EndProject
Project("{FAE04EC0-301F-11D3-BF4B-00C04F79EFBC}") = "Unity.RenderPipelines.Core.ShaderLibrary", "Unity.RenderPipelines.Core.ShaderLibrary.csproj", "{5D36A95D-0C41-79E5-C24A-102AA298DC9F}"
EndProject
Project("{FAE04EC0-301F-11D3-BF4B-00C04F79EFBC}") = "Unity.RenderPipelines.Core.Editor.Shared", "Unity.RenderPipelines.Core.Editor.Shared.csproj", "{923CDD9E-0445-B355-75D4-92BB99004920}"
EndProject
Global
	GlobalSection(SolutionConfigurationPlatforms) = preSolution
		Debug|Any CPU = Debug|Any CPU
		Release|Any CPU = Release|Any CPU
	EndGlobalSection
	GlobalSection(ProjectConfigurationPlatforms) = postSolution
		{0266E6AE-C034-E1AC-4335-F65ABEFB03D0}.Debug|Any CPU.ActiveCfg = Debug|Any CPU
		{0266E6AE-C034-E1AC-4335-F65ABEFB03D0}.Debug|Any CPU.Build.0 = Debug|Any CPU
		{0266E6AE-C034-E1AC-4335-F65ABEFB03D0}.Release|Any CPU.ActiveCfg = Release|Any CPU
		{0266E6AE-C034-E1AC-4335-F65ABEFB03D0}.Release|Any CPU.Build.0 = Release|Any CPU
		{F3ED3452-BDD6-07B4-5261-E9FD50F47707}.Debug|Any CPU.ActiveCfg = Debug|Any CPU
		{F3ED3452-BDD6-07B4-5261-E9FD50F47707}.Debug|Any CPU.Build.0 = Debug|Any CPU
		{F3ED3452-BDD6-07B4-5261-E9FD50F47707}.Release|Any CPU.ActiveCfg = Release|Any CPU
		{F3ED3452-BDD6-07B4-5261-E9FD50F47707}.Release|Any CPU.Build.0 = Release|Any CPU
		{9FF48AAD-0BFC-A4C9-D0E0-E699210AFFD1}.Debug|Any CPU.ActiveCfg = Debug|Any CPU
		{9FF48AAD-0BFC-A4C9-D0E0-E699210AFFD1}.Debug|Any CPU.Build.0 = Debug|Any CPU
		{9FF48AAD-0BFC-A4C9-D0E0-E699210AFFD1}.Release|Any CPU.ActiveCfg = Release|Any CPU
		{9FF48AAD-0BFC-A4C9-D0E0-E699210AFFD1}.Release|Any CPU.Build.0 = Release|Any CPU
		{F25EFF7E-4493-BA4D-B3CF-EE2FFECBC189}.Debug|Any CPU.ActiveCfg = Debug|Any CPU
		{F25EFF7E-4493-BA4D-B3CF-EE2FFECBC189}.Debug|Any CPU.Build.0 = Debug|Any CPU
		{F25EFF7E-4493-BA4D-B3CF-EE2FFECBC189}.Release|Any CPU.ActiveCfg = Release|Any CPU
		{F25EFF7E-4493-BA4D-B3CF-EE2FFECBC189}.Release|Any CPU.Build.0 = Release|Any CPU
		{9AAF3879-2E29-BCC5-99C8-8F61B934D7F9}.Debug|Any CPU.ActiveCfg = Debug|Any CPU
		{9AAF3879-2E29-BCC5-99C8-8F61B934D7F9}.Debug|Any CPU.Build.0 = Debug|Any CPU
		{9AAF3879-2E29-BCC5-99C8-8F61B934D7F9}.Release|Any CPU.ActiveCfg = Release|Any CPU
		{9AAF3879-2E29-BCC5-99C8-8F61B934D7F9}.Release|Any CPU.Build.0 = Release|Any CPU
		{7CDA2846-C0D7-AC8B-F1FC-C8E3598BA7B6}.Debug|Any CPU.ActiveCfg = Debug|Any CPU
		{7CDA2846-C0D7-AC8B-F1FC-C8E3598BA7B6}.Debug|Any CPU.Build.0 = Debug|Any CPU
		{7CDA2846-C0D7-AC8B-F1FC-C8E3598BA7B6}.Release|Any CPU.ActiveCfg = Release|Any CPU
		{7CDA2846-C0D7-AC8B-F1FC-C8E3598BA7B6}.Release|Any CPU.Build.0 = Release|Any CPU
		{4124C574-D9AF-5D21-CE5E-1AC1AFFA1D77}.Debug|Any CPU.ActiveCfg = Debug|Any CPU
		{4124C574-D9AF-5D21-CE5E-1AC1AFFA1D77}.Debug|Any CPU.Build.0 = Debug|Any CPU
		{4124C574-D9AF-5D21-CE5E-1AC1AFFA1D77}.Release|Any CPU.ActiveCfg = Release|Any CPU
		{4124C574-D9AF-5D21-CE5E-1AC1AFFA1D77}.Release|Any CPU.Build.0 = Release|Any CPU
		{BE3F938E-E033-3754-94D6-E8324A2D4717}.Debug|Any CPU.ActiveCfg = Debug|Any CPU
		{BE3F938E-E033-3754-94D6-E8324A2D4717}.Debug|Any CPU.Build.0 = Debug|Any CPU
		{BE3F938E-E033-3754-94D6-E8324A2D4717}.Release|Any CPU.ActiveCfg = Release|Any CPU
		{BE3F938E-E033-3754-94D6-E8324A2D4717}.Release|Any CPU.Build.0 = Release|Any CPU
		{657782BF-5996-FC48-EB5A-549698B613BF}.Debug|Any CPU.ActiveCfg = Debug|Any CPU
		{657782BF-5996-FC48-EB5A-549698B613BF}.Debug|Any CPU.Build.0 = Debug|Any CPU
		{657782BF-5996-FC48-EB5A-549698B613BF}.Release|Any CPU.ActiveCfg = Release|Any CPU
		{657782BF-5996-FC48-EB5A-549698B613BF}.Release|Any CPU.Build.0 = Release|Any CPU
		{F8A2F5D8-C487-5E56-D19F-E05C87707A97}.Debug|Any CPU.ActiveCfg = Debug|Any CPU
		{F8A2F5D8-C487-5E56-D19F-E05C87707A97}.Debug|Any CPU.Build.0 = Debug|Any CPU
		{F8A2F5D8-C487-5E56-D19F-E05C87707A97}.Release|Any CPU.ActiveCfg = Release|Any CPU
		{F8A2F5D8-C487-5E56-D19F-E05C87707A97}.Release|Any CPU.Build.0 = Release|Any CPU
		{A2092A0E-3F69-1BE1-F9E7-4006BBFCA640}.Debug|Any CPU.ActiveCfg = Debug|Any CPU
		{A2092A0E-3F69-1BE1-F9E7-4006BBFCA640}.Debug|Any CPU.Build.0 = Debug|Any CPU
		{A2092A0E-3F69-1BE1-F9E7-4006BBFCA640}.Release|Any CPU.ActiveCfg = Release|Any CPU
		{A2092A0E-3F69-1BE1-F9E7-4006BBFCA640}.Release|Any CPU.Build.0 = Release|Any CPU
		{92F62FDF-B33F-DB85-B9C4-32EC261643DA}.Debug|Any CPU.ActiveCfg = Debug|Any CPU
		{92F62FDF-B33F-DB85-B9C4-32EC261643DA}.Debug|Any CPU.Build.0 = Debug|Any CPU
		{92F62FDF-B33F-DB85-B9C4-32EC261643DA}.Release|Any CPU.ActiveCfg = Release|Any CPU
		{92F62FDF-B33F-DB85-B9C4-32EC261643DA}.Release|Any CPU.Build.0 = Release|Any CPU
		{856B61B2-21F0-359E-A8C4-815CD14D5A25}.Debug|Any CPU.ActiveCfg = Debug|Any CPU
		{856B61B2-21F0-359E-A8C4-815CD14D5A25}.Debug|Any CPU.Build.0 = Debug|Any CPU
		{856B61B2-21F0-359E-A8C4-815CD14D5A25}.Release|Any CPU.ActiveCfg = Release|Any CPU
		{856B61B2-21F0-359E-A8C4-815CD14D5A25}.Release|Any CPU.Build.0 = Release|Any CPU
		{FE1F5491-683A-6290-891E-595550D41915}.Debug|Any CPU.ActiveCfg = Debug|Any CPU
		{FE1F5491-683A-6290-891E-595550D41915}.Debug|Any CPU.Build.0 = Debug|Any CPU
		{FE1F5491-683A-6290-891E-595550D41915}.Release|Any CPU.ActiveCfg = Release|Any CPU
		{FE1F5491-683A-6290-891E-595550D41915}.Release|Any CPU.Build.0 = Release|Any CPU
		{806C85C4-5EE4-69BB-1FBE-56551A61A8A9}.Debug|Any CPU.ActiveCfg = Debug|Any CPU
		{806C85C4-5EE4-69BB-1FBE-56551A61A8A9}.Debug|Any CPU.Build.0 = Debug|Any CPU
		{806C85C4-5EE4-69BB-1FBE-56551A61A8A9}.Release|Any CPU.ActiveCfg = Release|Any CPU
		{806C85C4-5EE4-69BB-1FBE-56551A61A8A9}.Release|Any CPU.Build.0 = Release|Any CPU
		{8DAFE5DE-8FE5-C082-E130-03196CABD5FA}.Debug|Any CPU.ActiveCfg = Debug|Any CPU
		{8DAFE5DE-8FE5-C082-E130-03196CABD5FA}.Debug|Any CPU.Build.0 = Debug|Any CPU
		{8DAFE5DE-8FE5-C082-E130-03196CABD5FA}.Release|Any CPU.ActiveCfg = Release|Any CPU
		{8DAFE5DE-8FE5-C082-E130-03196CABD5FA}.Release|Any CPU.Build.0 = Release|Any CPU
		{36CBD2C9-C8DA-AAFF-A75C-823781E4A83E}.Debug|Any CPU.ActiveCfg = Debug|Any CPU
		{36CBD2C9-C8DA-AAFF-A75C-823781E4A83E}.Debug|Any CPU.Build.0 = Debug|Any CPU
		{36CBD2C9-C8DA-AAFF-A75C-823781E4A83E}.Release|Any CPU.ActiveCfg = Release|Any CPU
		{36CBD2C9-C8DA-AAFF-A75C-823781E4A83E}.Release|Any CPU.Build.0 = Release|Any CPU
		{E375A6E1-48D7-CC75-905F-C37D5D4578DB}.Debug|Any CPU.ActiveCfg = Debug|Any CPU
		{E375A6E1-48D7-CC75-905F-C37D5D4578DB}.Debug|Any CPU.Build.0 = Debug|Any CPU
		{E375A6E1-48D7-CC75-905F-C37D5D4578DB}.Release|Any CPU.ActiveCfg = Release|Any CPU
		{E375A6E1-48D7-CC75-905F-C37D5D4578DB}.Release|Any CPU.Build.0 = Release|Any CPU
		{239AE5EA-9505-2750-1E3F-9F1C8FE9B603}.Debug|Any CPU.ActiveCfg = Debug|Any CPU
		{239AE5EA-9505-2750-1E3F-9F1C8FE9B603}.Debug|Any CPU.Build.0 = Debug|Any CPU
		{239AE5EA-9505-2750-1E3F-9F1C8FE9B603}.Release|Any CPU.ActiveCfg = Release|Any CPU
		{239AE5EA-9505-2750-1E3F-9F1C8FE9B603}.Release|Any CPU.Build.0 = Release|Any CPU
		{1F47C621-53DA-C477-9F59-91313648BA0F}.Debug|Any CPU.ActiveCfg = Debug|Any CPU
		{1F47C621-53DA-C477-9F59-91313648BA0F}.Debug|Any CPU.Build.0 = Debug|Any CPU
		{1F47C621-53DA-C477-9F59-91313648BA0F}.Release|Any CPU.ActiveCfg = Release|Any CPU
		{1F47C621-53DA-C477-9F59-91313648BA0F}.Release|Any CPU.Build.0 = Release|Any CPU
		{2C8A32AA-F7F5-09F6-4744-B182F9BF572C}.Debug|Any CPU.ActiveCfg = Debug|Any CPU
		{2C8A32AA-F7F5-09F6-4744-B182F9BF572C}.Debug|Any CPU.Build.0 = Debug|Any CPU
		{2C8A32AA-F7F5-09F6-4744-B182F9BF572C}.Release|Any CPU.ActiveCfg = Release|Any CPU
		{2C8A32AA-F7F5-09F6-4744-B182F9BF572C}.Release|Any CPU.Build.0 = Release|Any CPU
		{7EFE83B0-197F-34E3-D847-6B5BA2874AAA}.Debug|Any CPU.ActiveCfg = Debug|Any CPU
		{7EFE83B0-197F-34E3-D847-6B5BA2874AAA}.Debug|Any CPU.Build.0 = Debug|Any CPU
		{7EFE83B0-197F-34E3-D847-6B5BA2874AAA}.Release|Any CPU.ActiveCfg = Release|Any CPU
		{7EFE83B0-197F-34E3-D847-6B5BA2874AAA}.Release|Any CPU.Build.0 = Release|Any CPU
		{924FFBD2-06C6-B248-69D4-E61F7AFC9069}.Debug|Any CPU.ActiveCfg = Debug|Any CPU
		{924FFBD2-06C6-B248-69D4-E61F7AFC9069}.Debug|Any CPU.Build.0 = Debug|Any CPU
		{924FFBD2-06C6-B248-69D4-E61F7AFC9069}.Release|Any CPU.ActiveCfg = Release|Any CPU
		{924FFBD2-06C6-B248-69D4-E61F7AFC9069}.Release|Any CPU.Build.0 = Release|Any CPU
		{B792612F-D225-48C8-5C86-1E38772C995B}.Debug|Any CPU.ActiveCfg = Debug|Any CPU
		{B792612F-D225-48C8-5C86-1E38772C995B}.Debug|Any CPU.Build.0 = Debug|Any CPU
		{B792612F-D225-48C8-5C86-1E38772C995B}.Release|Any CPU.ActiveCfg = Release|Any CPU
		{B792612F-D225-48C8-5C86-1E38772C995B}.Release|Any CPU.Build.0 = Release|Any CPU
		{69F47431-340E-FEAA-E924-31EB00D641CA}.Debug|Any CPU.ActiveCfg = Debug|Any CPU
		{69F47431-340E-FEAA-E924-31EB00D641CA}.Debug|Any CPU.Build.0 = Debug|Any CPU
		{69F47431-340E-FEAA-E924-31EB00D641CA}.Release|Any CPU.ActiveCfg = Release|Any CPU
		{69F47431-340E-FEAA-E924-31EB00D641CA}.Release|Any CPU.Build.0 = Release|Any CPU
		{882C1F87-1C17-D303-D737-A5CC30BEE9BC}.Debug|Any CPU.ActiveCfg = Debug|Any CPU
		{882C1F87-1C17-D303-D737-A5CC30BEE9BC}.Debug|Any CPU.Build.0 = Debug|Any CPU
		{882C1F87-1C17-D303-D737-A5CC30BEE9BC}.Release|Any CPU.ActiveCfg = Release|Any CPU
		{882C1F87-1C17-D303-D737-A5CC30BEE9BC}.Release|Any CPU.Build.0 = Release|Any CPU
		{58AF3F25-C3A7-5F71-6CA9-E756B3EC00E5}.Debug|Any CPU.ActiveCfg = Debug|Any CPU
		{58AF3F25-C3A7-5F71-6CA9-E756B3EC00E5}.Debug|Any CPU.Build.0 = Debug|Any CPU
		{58AF3F25-C3A7-5F71-6CA9-E756B3EC00E5}.Release|Any CPU.ActiveCfg = Release|Any CPU
		{58AF3F25-C3A7-5F71-6CA9-E756B3EC00E5}.Release|Any CPU.Build.0 = Release|Any CPU
		{920AA928-6640-ED31-DAAF-A54C2B87DAFD}.Debug|Any CPU.ActiveCfg = Debug|Any CPU
		{920AA928-6640-ED31-DAAF-A54C2B87DAFD}.Debug|Any CPU.Build.0 = Debug|Any CPU
		{920AA928-6640-ED31-DAAF-A54C2B87DAFD}.Release|Any CPU.ActiveCfg = Release|Any CPU
		{920AA928-6640-ED31-DAAF-A54C2B87DAFD}.Release|Any CPU.Build.0 = Release|Any CPU
		{E73B491F-3111-9F43-62DE-8113F9CFF818}.Debug|Any CPU.ActiveCfg = Debug|Any CPU
		{E73B491F-3111-9F43-62DE-8113F9CFF818}.Debug|Any CPU.Build.0 = Debug|Any CPU
		{E73B491F-3111-9F43-62DE-8113F9CFF818}.Release|Any CPU.ActiveCfg = Release|Any CPU
		{E73B491F-3111-9F43-62DE-8113F9CFF818}.Release|Any CPU.Build.0 = Release|Any CPU
		{669E8A33-21BA-CED2-1B0B-5D2CCE8B52C8}.Debug|Any CPU.ActiveCfg = Debug|Any CPU
		{669E8A33-21BA-CED2-1B0B-5D2CCE8B52C8}.Debug|Any CPU.Build.0 = Debug|Any CPU
		{669E8A33-21BA-CED2-1B0B-5D2CCE8B52C8}.Release|Any CPU.ActiveCfg = Release|Any CPU
		{669E8A33-21BA-CED2-1B0B-5D2CCE8B52C8}.Release|Any CPU.Build.0 = Release|Any CPU
		{D8E3DF3E-36DE-483D-B8E2-01D2E4BA78D1}.Debug|Any CPU.ActiveCfg = Debug|Any CPU
		{D8E3DF3E-36DE-483D-B8E2-01D2E4BA78D1}.Debug|Any CPU.Build.0 = Debug|Any CPU
		{D8E3DF3E-36DE-483D-B8E2-01D2E4BA78D1}.Release|Any CPU.ActiveCfg = Release|Any CPU
		{D8E3DF3E-36DE-483D-B8E2-01D2E4BA78D1}.Release|Any CPU.Build.0 = Release|Any CPU
		{0E9DEAA5-B36E-FCAD-3A1C-8C10A1956E4E}.Debug|Any CPU.ActiveCfg = Debug|Any CPU
		{0E9DEAA5-B36E-FCAD-3A1C-8C10A1956E4E}.Debug|Any CPU.Build.0 = Debug|Any CPU
		{0E9DEAA5-B36E-FCAD-3A1C-8C10A1956E4E}.Release|Any CPU.ActiveCfg = Release|Any CPU
		{0E9DEAA5-B36E-FCAD-3A1C-8C10A1956E4E}.Release|Any CPU.Build.0 = Release|Any CPU
		{685915F8-6278-C56C-8CC3-E65AC00B988A}.Debug|Any CPU.ActiveCfg = Debug|Any CPU
		{685915F8-6278-C56C-8CC3-E65AC00B988A}.Debug|Any CPU.Build.0 = Debug|Any CPU
		{685915F8-6278-C56C-8CC3-E65AC00B988A}.Release|Any CPU.ActiveCfg = Release|Any CPU
		{685915F8-6278-C56C-8CC3-E65AC00B988A}.Release|Any CPU.Build.0 = Release|Any CPU
		{17EFE70D-0E19-D620-85C4-A62A8746578D}.Debug|Any CPU.ActiveCfg = Debug|Any CPU
		{17EFE70D-0E19-D620-85C4-A62A8746578D}.Debug|Any CPU.Build.0 = Debug|Any CPU
		{17EFE70D-0E19-D620-85C4-A62A8746578D}.Release|Any CPU.ActiveCfg = Release|Any CPU
		{17EFE70D-0E19-D620-85C4-A62A8746578D}.Release|Any CPU.Build.0 = Release|Any CPU
		{89E3CA5A-830E-3794-C542-26B79E04EC98}.Debug|Any CPU.ActiveCfg = Debug|Any CPU
		{89E3CA5A-830E-3794-C542-26B79E04EC98}.Debug|Any CPU.Build.0 = Debug|Any CPU
		{89E3CA5A-830E-3794-C542-26B79E04EC98}.Release|Any CPU.ActiveCfg = Release|Any CPU
		{89E3CA5A-830E-3794-C542-26B79E04EC98}.Release|Any CPU.Build.0 = Release|Any CPU
		{C211AD96-135A-71C6-B58A-4C705053A264}.Debug|Any CPU.ActiveCfg = Debug|Any CPU
		{C211AD96-135A-71C6-B58A-4C705053A264}.Debug|Any CPU.Build.0 = Debug|Any CPU
		{C211AD96-135A-71C6-B58A-4C705053A264}.Release|Any CPU.ActiveCfg = Release|Any CPU
		{C211AD96-135A-71C6-B58A-4C705053A264}.Release|Any CPU.Build.0 = Release|Any CPU
		{5B4A0223-F773-5564-C960-00CE52AAF883}.Debug|Any CPU.ActiveCfg = Debug|Any CPU
		{5B4A0223-F773-5564-C960-00CE52AAF883}.Debug|Any CPU.Build.0 = Debug|Any CPU
		{5B4A0223-F773-5564-C960-00CE52AAF883}.Release|Any CPU.ActiveCfg = Release|Any CPU
		{5B4A0223-F773-5564-C960-00CE52AAF883}.Release|Any CPU.Build.0 = Release|Any CPU
		{0DA4889E-96D9-0AE0-A33D-D02955B68F7B}.Debug|Any CPU.ActiveCfg = Debug|Any CPU
		{0DA4889E-96D9-0AE0-A33D-D02955B68F7B}.Debug|Any CPU.Build.0 = Debug|Any CPU
		{0DA4889E-96D9-0AE0-A33D-D02955B68F7B}.Release|Any CPU.ActiveCfg = Release|Any CPU
		{0DA4889E-96D9-0AE0-A33D-D02955B68F7B}.Release|Any CPU.Build.0 = Release|Any CPU
		{333C845E-5DD2-95F0-D4E2-D6151088F37B}.Debug|Any CPU.ActiveCfg = Debug|Any CPU
		{333C845E-5DD2-95F0-D4E2-D6151088F37B}.Debug|Any CPU.Build.0 = Debug|Any CPU
		{333C845E-5DD2-95F0-D4E2-D6151088F37B}.Release|Any CPU.ActiveCfg = Release|Any CPU
		{333C845E-5DD2-95F0-D4E2-D6151088F37B}.Release|Any CPU.Build.0 = Release|Any CPU
		{7B389881-C228-C415-0F93-0F6AA5E85730}.Debug|Any CPU.ActiveCfg = Debug|Any CPU
		{7B389881-C228-C415-0F93-0F6AA5E85730}.Debug|Any CPU.Build.0 = Debug|Any CPU
		{7B389881-C228-C415-0F93-0F6AA5E85730}.Release|Any CPU.ActiveCfg = Release|Any CPU
		{7B389881-C228-C415-0F93-0F6AA5E85730}.Release|Any CPU.Build.0 = Release|Any CPU
		{1C1CB440-54B4-C9D1-B343-F03D7844058E}.Debug|Any CPU.ActiveCfg = Debug|Any CPU
		{1C1CB440-54B4-C9D1-B343-F03D7844058E}.Debug|Any CPU.Build.0 = Debug|Any CPU
		{1C1CB440-54B4-C9D1-B343-F03D7844058E}.Release|Any CPU.ActiveCfg = Release|Any CPU
		{1C1CB440-54B4-C9D1-B343-F03D7844058E}.Release|Any CPU.Build.0 = Release|Any CPU
		{32A3C763-80E6-60E4-AA48-917E522E9246}.Debug|Any CPU.ActiveCfg = Debug|Any CPU
		{32A3C763-80E6-60E4-AA48-917E522E9246}.Debug|Any CPU.Build.0 = Debug|Any CPU
		{32A3C763-80E6-60E4-AA48-917E522E9246}.Release|Any CPU.ActiveCfg = Release|Any CPU
		{32A3C763-80E6-60E4-AA48-917E522E9246}.Release|Any CPU.Build.0 = Release|Any CPU
		{F05A0A80-A058-501B-8700-D52E142A5BF5}.Debug|Any CPU.ActiveCfg = Debug|Any CPU
		{F05A0A80-A058-501B-8700-D52E142A5BF5}.Debug|Any CPU.Build.0 = Debug|Any CPU
		{F05A0A80-A058-501B-8700-D52E142A5BF5}.Release|Any CPU.ActiveCfg = Release|Any CPU
		{F05A0A80-A058-501B-8700-D52E142A5BF5}.Release|Any CPU.Build.0 = Release|Any CPU
		{3A1FAEF5-3E00-B3E8-73FD-D8CF4BA9589F}.Debug|Any CPU.ActiveCfg = Debug|Any CPU
		{3A1FAEF5-3E00-B3E8-73FD-D8CF4BA9589F}.Debug|Any CPU.Build.0 = Debug|Any CPU
		{3A1FAEF5-3E00-B3E8-73FD-D8CF4BA9589F}.Release|Any CPU.ActiveCfg = Release|Any CPU
		{3A1FAEF5-3E00-B3E8-73FD-D8CF4BA9589F}.Release|Any CPU.Build.0 = Release|Any CPU
		{DE27C751-B9DA-C957-7BC7-3AAB15398A0F}.Debug|Any CPU.ActiveCfg = Debug|Any CPU
		{DE27C751-B9DA-C957-7BC7-3AAB15398A0F}.Debug|Any CPU.Build.0 = Debug|Any CPU
		{DE27C751-B9DA-C957-7BC7-3AAB15398A0F}.Release|Any CPU.ActiveCfg = Release|Any CPU
		{DE27C751-B9DA-C957-7BC7-3AAB15398A0F}.Release|Any CPU.Build.0 = Release|Any CPU
		{52087CEE-0D58-6C76-8434-D4BA3E4AA555}.Debug|Any CPU.ActiveCfg = Debug|Any CPU
		{52087CEE-0D58-6C76-8434-D4BA3E4AA555}.Debug|Any CPU.Build.0 = Debug|Any CPU
		{52087CEE-0D58-6C76-8434-D4BA3E4AA555}.Release|Any CPU.ActiveCfg = Release|Any CPU
		{52087CEE-0D58-6C76-8434-D4BA3E4AA555}.Release|Any CPU.Build.0 = Release|Any CPU
		{899E8BC9-F467-7072-198F-285D1A3F93A3}.Debug|Any CPU.ActiveCfg = Debug|Any CPU
		{899E8BC9-F467-7072-198F-285D1A3F93A3}.Debug|Any CPU.Build.0 = Debug|Any CPU
		{899E8BC9-F467-7072-198F-285D1A3F93A3}.Release|Any CPU.ActiveCfg = Release|Any CPU
		{899E8BC9-F467-7072-198F-285D1A3F93A3}.Release|Any CPU.Build.0 = Release|Any CPU
		{EE14E2F2-CD4C-5A60-5D89-927B5DE9B57F}.Debug|Any CPU.ActiveCfg = Debug|Any CPU
		{EE14E2F2-CD4C-5A60-5D89-927B5DE9B57F}.Debug|Any CPU.Build.0 = Debug|Any CPU
		{EE14E2F2-CD4C-5A60-5D89-927B5DE9B57F}.Release|Any CPU.ActiveCfg = Release|Any CPU
		{EE14E2F2-CD4C-5A60-5D89-927B5DE9B57F}.Release|Any CPU.Build.0 = Release|Any CPU
		{DA7E0065-8BF2-1C40-0883-9A7B7F0E1BD2}.Debug|Any CPU.ActiveCfg = Debug|Any CPU
		{DA7E0065-8BF2-1C40-0883-9A7B7F0E1BD2}.Debug|Any CPU.Build.0 = Debug|Any CPU
		{DA7E0065-8BF2-1C40-0883-9A7B7F0E1BD2}.Release|Any CPU.ActiveCfg = Release|Any CPU
		{DA7E0065-8BF2-1C40-0883-9A7B7F0E1BD2}.Release|Any CPU.Build.0 = Release|Any CPU
		{E44399C2-1D9A-B61B-6A22-9C8E948E3240}.Debug|Any CPU.ActiveCfg = Debug|Any CPU
		{E44399C2-1D9A-B61B-6A22-9C8E948E3240}.Debug|Any CPU.Build.0 = Debug|Any CPU
		{E44399C2-1D9A-B61B-6A22-9C8E948E3240}.Release|Any CPU.ActiveCfg = Release|Any CPU
		{E44399C2-1D9A-B61B-6A22-9C8E948E3240}.Release|Any CPU.Build.0 = Release|Any CPU
		{246A244B-ED56-7030-6004-3A5898CB3029}.Debug|Any CPU.ActiveCfg = Debug|Any CPU
		{246A244B-ED56-7030-6004-3A5898CB3029}.Debug|Any CPU.Build.0 = Debug|Any CPU
		{246A244B-ED56-7030-6004-3A5898CB3029}.Release|Any CPU.ActiveCfg = Release|Any CPU
		{246A244B-ED56-7030-6004-3A5898CB3029}.Release|Any CPU.Build.0 = Release|Any CPU
		{DB0A5C9C-8670-3128-CAC7-861DED394C30}.Debug|Any CPU.ActiveCfg = Debug|Any CPU
		{DB0A5C9C-8670-3128-CAC7-861DED394C30}.Debug|Any CPU.Build.0 = Debug|Any CPU
		{DB0A5C9C-8670-3128-CAC7-861DED394C30}.Release|Any CPU.ActiveCfg = Release|Any CPU
		{DB0A5C9C-8670-3128-CAC7-861DED394C30}.Release|Any CPU.Build.0 = Release|Any CPU
		{BC95B3B5-1CC2-C56D-821E-058CE1F8FE41}.Debug|Any CPU.ActiveCfg = Debug|Any CPU
		{BC95B3B5-1CC2-C56D-821E-058CE1F8FE41}.Debug|Any CPU.Build.0 = Debug|Any CPU
		{BC95B3B5-1CC2-C56D-821E-058CE1F8FE41}.Release|Any CPU.ActiveCfg = Release|Any CPU
		{BC95B3B5-1CC2-C56D-821E-058CE1F8FE41}.Release|Any CPU.Build.0 = Release|Any CPU
		{00708565-39C8-1EF6-C20E-A6172537E209}.Debug|Any CPU.ActiveCfg = Debug|Any CPU
		{00708565-39C8-1EF6-C20E-A6172537E209}.Debug|Any CPU.Build.0 = Debug|Any CPU
		{00708565-39C8-1EF6-C20E-A6172537E209}.Release|Any CPU.ActiveCfg = Release|Any CPU
		{00708565-39C8-1EF6-C20E-A6172537E209}.Release|Any CPU.Build.0 = Release|Any CPU
		{7C74F1A8-1BEB-653B-4419-03AD0A601D38}.Debug|Any CPU.ActiveCfg = Debug|Any CPU
		{7C74F1A8-1BEB-653B-4419-03AD0A601D38}.Debug|Any CPU.Build.0 = Debug|Any CPU
		{7C74F1A8-1BEB-653B-4419-03AD0A601D38}.Release|Any CPU.ActiveCfg = Release|Any CPU
		{7C74F1A8-1BEB-653B-4419-03AD0A601D38}.Release|Any CPU.Build.0 = Release|Any CPU
		{10521995-B056-C9D6-9CB0-12A9354BE28C}.Debug|Any CPU.ActiveCfg = Debug|Any CPU
		{10521995-B056-C9D6-9CB0-12A9354BE28C}.Debug|Any CPU.Build.0 = Debug|Any CPU
		{10521995-B056-C9D6-9CB0-12A9354BE28C}.Release|Any CPU.ActiveCfg = Release|Any CPU
		{10521995-B056-C9D6-9CB0-12A9354BE28C}.Release|Any CPU.Build.0 = Release|Any CPU
		{57E19D28-3ACD-B008-2FFA-91C878767FE3}.Debug|Any CPU.ActiveCfg = Debug|Any CPU
		{57E19D28-3ACD-B008-2FFA-91C878767FE3}.Debug|Any CPU.Build.0 = Debug|Any CPU
		{57E19D28-3ACD-B008-2FFA-91C878767FE3}.Release|Any CPU.ActiveCfg = Release|Any CPU
		{57E19D28-3ACD-B008-2FFA-91C878767FE3}.Release|Any CPU.Build.0 = Release|Any CPU
		{1B9660B1-E48E-9985-5C9B-6B75CF4E521F}.Debug|Any CPU.ActiveCfg = Debug|Any CPU
		{1B9660B1-E48E-9985-5C9B-6B75CF4E521F}.Debug|Any CPU.Build.0 = Debug|Any CPU
		{1B9660B1-E48E-9985-5C9B-6B75CF4E521F}.Release|Any CPU.ActiveCfg = Release|Any CPU
		{1B9660B1-E48E-9985-5C9B-6B75CF4E521F}.Release|Any CPU.Build.0 = Release|Any CPU
		{F4A676D0-CE31-ADF9-7975-D64B32BE3AE0}.Debug|Any CPU.ActiveCfg = Debug|Any CPU
		{F4A676D0-CE31-ADF9-7975-D64B32BE3AE0}.Debug|Any CPU.Build.0 = Debug|Any CPU
		{F4A676D0-CE31-ADF9-7975-D64B32BE3AE0}.Release|Any CPU.ActiveCfg = Release|Any CPU
		{F4A676D0-CE31-ADF9-7975-D64B32BE3AE0}.Release|Any CPU.Build.0 = Release|Any CPU
		{30222B00-DA6F-D46F-16D8-962B9B3040D9}.Debug|Any CPU.ActiveCfg = Debug|Any CPU
		{30222B00-DA6F-D46F-16D8-962B9B3040D9}.Debug|Any CPU.Build.0 = Debug|Any CPU
		{30222B00-DA6F-D46F-16D8-962B9B3040D9}.Release|Any CPU.ActiveCfg = Release|Any CPU
		{30222B00-DA6F-D46F-16D8-962B9B3040D9}.Release|Any CPU.Build.0 = Release|Any CPU
		{118BED50-704D-3CBA-8C8B-ABB23BA955E9}.Debug|Any CPU.ActiveCfg = Debug|Any CPU
		{118BED50-704D-3CBA-8C8B-ABB23BA955E9}.Debug|Any CPU.Build.0 = Debug|Any CPU
		{118BED50-704D-3CBA-8C8B-ABB23BA955E9}.Release|Any CPU.ActiveCfg = Release|Any CPU
		{118BED50-704D-3CBA-8C8B-ABB23BA955E9}.Release|Any CPU.Build.0 = Release|Any CPU
		{6187FA07-08D7-F718-7D8C-75FA8F0449EA}.Debug|Any CPU.ActiveCfg = Debug|Any CPU
		{6187FA07-08D7-F718-7D8C-75FA8F0449EA}.Debug|Any CPU.Build.0 = Debug|Any CPU
		{6187FA07-08D7-F718-7D8C-75FA8F0449EA}.Release|Any CPU.ActiveCfg = Release|Any CPU
		{6187FA07-08D7-F718-7D8C-75FA8F0449EA}.Release|Any CPU.Build.0 = Release|Any CPU
		{6CE6D33C-E01F-F00F-9B5D-AA40E729526B}.Debug|Any CPU.ActiveCfg = Debug|Any CPU
		{6CE6D33C-E01F-F00F-9B5D-AA40E729526B}.Debug|Any CPU.Build.0 = Debug|Any CPU
		{6CE6D33C-E01F-F00F-9B5D-AA40E729526B}.Release|Any CPU.ActiveCfg = Release|Any CPU
		{6CE6D33C-E01F-F00F-9B5D-AA40E729526B}.Release|Any CPU.Build.0 = Release|Any CPU
		{FC6ED797-1287-7F4C-3BDF-DACF4A8B1608}.Debug|Any CPU.ActiveCfg = Debug|Any CPU
		{FC6ED797-1287-7F4C-3BDF-DACF4A8B1608}.Debug|Any CPU.Build.0 = Debug|Any CPU
		{FC6ED797-1287-7F4C-3BDF-DACF4A8B1608}.Release|Any CPU.ActiveCfg = Release|Any CPU
		{FC6ED797-1287-7F4C-3BDF-DACF4A8B1608}.Release|Any CPU.Build.0 = Release|Any CPU
		{F81BD418-3D60-23DA-7010-64E969D60C8E}.Debug|Any CPU.ActiveCfg = Debug|Any CPU
		{F81BD418-3D60-23DA-7010-64E969D60C8E}.Debug|Any CPU.Build.0 = Debug|Any CPU
		{F81BD418-3D60-23DA-7010-64E969D60C8E}.Release|Any CPU.ActiveCfg = Release|Any CPU
		{F81BD418-3D60-23DA-7010-64E969D60C8E}.Release|Any CPU.Build.0 = Release|Any CPU
		{C06D2668-29A2-A4C6-8B3D-F50A8A384924}.Debug|Any CPU.ActiveCfg = Debug|Any CPU
		{C06D2668-29A2-A4C6-8B3D-F50A8A384924}.Debug|Any CPU.Build.0 = Debug|Any CPU
		{C06D2668-29A2-A4C6-8B3D-F50A8A384924}.Release|Any CPU.ActiveCfg = Release|Any CPU
		{C06D2668-29A2-A4C6-8B3D-F50A8A384924}.Release|Any CPU.Build.0 = Release|Any CPU
		{12E809CC-4B20-F7EB-F6A9-F682EC8F9EA5}.Debug|Any CPU.ActiveCfg = Debug|Any CPU
		{12E809CC-4B20-F7EB-F6A9-F682EC8F9EA5}.Debug|Any CPU.Build.0 = Debug|Any CPU
		{12E809CC-4B20-F7EB-F6A9-F682EC8F9EA5}.Release|Any CPU.ActiveCfg = Release|Any CPU
		{12E809CC-4B20-F7EB-F6A9-F682EC8F9EA5}.Release|Any CPU.Build.0 = Release|Any CPU
		{35882349-6F1A-7820-8BBF-83E88C23BF01}.Debug|Any CPU.ActiveCfg = Debug|Any CPU
		{35882349-6F1A-7820-8BBF-83E88C23BF01}.Debug|Any CPU.Build.0 = Debug|Any CPU
		{35882349-6F1A-7820-8BBF-83E88C23BF01}.Release|Any CPU.ActiveCfg = Release|Any CPU
		{35882349-6F1A-7820-8BBF-83E88C23BF01}.Release|Any CPU.Build.0 = Release|Any CPU
		{741CA642-7161-6F60-86DF-372C75748C8A}.Debug|Any CPU.ActiveCfg = Debug|Any CPU
		{741CA642-7161-6F60-86DF-372C75748C8A}.Debug|Any CPU.Build.0 = Debug|Any CPU
		{741CA642-7161-6F60-86DF-372C75748C8A}.Release|Any CPU.ActiveCfg = Release|Any CPU
		{741CA642-7161-6F60-86DF-372C75748C8A}.Release|Any CPU.Build.0 = Release|Any CPU
		{C68CB1F8-2EDF-07C6-0EB3-9964E7E2388C}.Debug|Any CPU.ActiveCfg = Debug|Any CPU
		{C68CB1F8-2EDF-07C6-0EB3-9964E7E2388C}.Debug|Any CPU.Build.0 = Debug|Any CPU
		{C68CB1F8-2EDF-07C6-0EB3-9964E7E2388C}.Release|Any CPU.ActiveCfg = Release|Any CPU
		{C68CB1F8-2EDF-07C6-0EB3-9964E7E2388C}.Release|Any CPU.Build.0 = Release|Any CPU
		{59DC0776-CB54-503A-25C5-8A54F51B4D1C}.Debug|Any CPU.ActiveCfg = Debug|Any CPU
		{59DC0776-CB54-503A-25C5-8A54F51B4D1C}.Debug|Any CPU.Build.0 = Debug|Any CPU
		{59DC0776-CB54-503A-25C5-8A54F51B4D1C}.Release|Any CPU.ActiveCfg = Release|Any CPU
		{59DC0776-CB54-503A-25C5-8A54F51B4D1C}.Release|Any CPU.Build.0 = Release|Any CPU
		{624FD16F-2DE0-36D2-B30D-3EB5E81247CD}.Debug|Any CPU.ActiveCfg = Debug|Any CPU
		{624FD16F-2DE0-36D2-B30D-3EB5E81247CD}.Debug|Any CPU.Build.0 = Debug|Any CPU
		{624FD16F-2DE0-36D2-B30D-3EB5E81247CD}.Release|Any CPU.ActiveCfg = Release|Any CPU
		{624FD16F-2DE0-36D2-B30D-3EB5E81247CD}.Release|Any CPU.Build.0 = Release|Any CPU
		{AC5AAD81-5FFF-FD33-5D80-47BB0B697854}.Debug|Any CPU.ActiveCfg = Debug|Any CPU
		{AC5AAD81-5FFF-FD33-5D80-47BB0B697854}.Debug|Any CPU.Build.0 = Debug|Any CPU
		{AC5AAD81-5FFF-FD33-5D80-47BB0B697854}.Release|Any CPU.ActiveCfg = Release|Any CPU
		{AC5AAD81-5FFF-FD33-5D80-47BB0B697854}.Release|Any CPU.Build.0 = Release|Any CPU
		{04DFC354-75BF-5772-A757-F878A74BFBE1}.Debug|Any CPU.ActiveCfg = Debug|Any CPU
		{04DFC354-75BF-5772-A757-F878A74BFBE1}.Debug|Any CPU.Build.0 = Debug|Any CPU
		{04DFC354-75BF-5772-A757-F878A74BFBE1}.Release|Any CPU.ActiveCfg = Release|Any CPU
		{04DFC354-75BF-5772-A757-F878A74BFBE1}.Release|Any CPU.Build.0 = Release|Any CPU
		{57B1F1B4-6FF8-A35E-21A5-09BC889DCCC7}.Debug|Any CPU.ActiveCfg = Debug|Any CPU
		{57B1F1B4-6FF8-A35E-21A5-09BC889DCCC7}.Debug|Any CPU.Build.0 = Debug|Any CPU
		{57B1F1B4-6FF8-A35E-21A5-09BC889DCCC7}.Release|Any CPU.ActiveCfg = Release|Any CPU
		{57B1F1B4-6FF8-A35E-21A5-09BC889DCCC7}.Release|Any CPU.Build.0 = Release|Any CPU
		{FCC02496-16F5-978D-25CC-9F1A8B4C3380}.Debug|Any CPU.ActiveCfg = Debug|Any CPU
		{FCC02496-16F5-978D-25CC-9F1A8B4C3380}.Debug|Any CPU.Build.0 = Debug|Any CPU
		{FCC02496-16F5-978D-25CC-9F1A8B4C3380}.Release|Any CPU.ActiveCfg = Release|Any CPU
		{FCC02496-16F5-978D-25CC-9F1A8B4C3380}.Release|Any CPU.Build.0 = Release|Any CPU
		{64A8BC5F-7544-21D5-1A09-80134F77565F}.Debug|Any CPU.ActiveCfg = Debug|Any CPU
		{64A8BC5F-7544-21D5-1A09-80134F77565F}.Debug|Any CPU.Build.0 = Debug|Any CPU
		{64A8BC5F-7544-21D5-1A09-80134F77565F}.Release|Any CPU.ActiveCfg = Release|Any CPU
		{64A8BC5F-7544-21D5-1A09-80134F77565F}.Release|Any CPU.Build.0 = Release|Any CPU
		{4C0FEF0E-F6DB-CFD6-6F97-2C0E2FA5A98E}.Debug|Any CPU.ActiveCfg = Debug|Any CPU
		{4C0FEF0E-F6DB-CFD6-6F97-2C0E2FA5A98E}.Debug|Any CPU.Build.0 = Debug|Any CPU
		{4C0FEF0E-F6DB-CFD6-6F97-2C0E2FA5A98E}.Release|Any CPU.ActiveCfg = Release|Any CPU
		{4C0FEF0E-F6DB-CFD6-6F97-2C0E2FA5A98E}.Release|Any CPU.Build.0 = Release|Any CPU
		{BE247BF0-A062-1B90-86F3-28A8D99F79C7}.Debug|Any CPU.ActiveCfg = Debug|Any CPU
		{BE247BF0-A062-1B90-86F3-28A8D99F79C7}.Debug|Any CPU.Build.0 = Debug|Any CPU
		{BE247BF0-A062-1B90-86F3-28A8D99F79C7}.Release|Any CPU.ActiveCfg = Release|Any CPU
		{BE247BF0-A062-1B90-86F3-28A8D99F79C7}.Release|Any CPU.Build.0 = Release|Any CPU
		{CFF8BA49-E4C0-0E0F-6029-BA697B1BBEE5}.Debug|Any CPU.ActiveCfg = Debug|Any CPU
		{CFF8BA49-E4C0-0E0F-6029-BA697B1BBEE5}.Debug|Any CPU.Build.0 = Debug|Any CPU
		{CFF8BA49-E4C0-0E0F-6029-BA697B1BBEE5}.Release|Any CPU.ActiveCfg = Release|Any CPU
		{CFF8BA49-E4C0-0E0F-6029-BA697B1BBEE5}.Release|Any CPU.Build.0 = Release|Any CPU
		{F710941F-9156-5E89-AD81-B65D6997BB15}.Debug|Any CPU.ActiveCfg = Debug|Any CPU
		{F710941F-9156-5E89-AD81-B65D6997BB15}.Debug|Any CPU.Build.0 = Debug|Any CPU
		{F710941F-9156-5E89-AD81-B65D6997BB15}.Release|Any CPU.ActiveCfg = Release|Any CPU
		{F710941F-9156-5E89-AD81-B65D6997BB15}.Release|Any CPU.Build.0 = Release|Any CPU
		{C7906806-374F-AC9F-E713-8DEBDA28BD65}.Debug|Any CPU.ActiveCfg = Debug|Any CPU
		{C7906806-374F-AC9F-E713-8DEBDA28BD65}.Debug|Any CPU.Build.0 = Debug|Any CPU
		{C7906806-374F-AC9F-E713-8DEBDA28BD65}.Release|Any CPU.ActiveCfg = Release|Any CPU
		{C7906806-374F-AC9F-E713-8DEBDA28BD65}.Release|Any CPU.Build.0 = Release|Any CPU
		{5D36A95D-0C41-79E5-C24A-102AA298DC9F}.Debug|Any CPU.ActiveCfg = Debug|Any CPU
		{5D36A95D-0C41-79E5-C24A-102AA298DC9F}.Debug|Any CPU.Build.0 = Debug|Any CPU
		{5D36A95D-0C41-79E5-C24A-102AA298DC9F}.Release|Any CPU.ActiveCfg = Release|Any CPU
		{5D36A95D-0C41-79E5-C24A-102AA298DC9F}.Release|Any CPU.Build.0 = Release|Any CPU
		{923CDD9E-0445-B355-75D4-92BB99004920}.Debug|Any CPU.ActiveCfg = Debug|Any CPU
		{923CDD9E-0445-B355-75D4-92BB99004920}.Debug|Any CPU.Build.0 = Debug|Any CPU
		{923CDD9E-0445-B355-75D4-92BB99004920}.Release|Any CPU.ActiveCfg = Release|Any CPU
		{923CDD9E-0445-B355-75D4-92BB99004920}.Release|Any CPU.Build.0 = Release|Any CPU
	EndGlobalSection
	GlobalSection(SolutionProperties) = preSolution
		HideSolutionNode = FALSE
	EndGlobalSection
EndGlobal
